// !$*UTF8*$!
{
	archiveVersion = 1;
	classes = {
	};
	objectVersion = 46;
	objects = {

/* Begin PBXBuildFile section */
		1C867B7A1CC47154007D9848 /* SearchRecordTableViewCell.m in Sources */ = {isa = PBXBuildFile; fileRef = 1C867B791CC47154007D9848 /* SearchRecordTableViewCell.m */; };
		1CE9510B1CC227FB00D784F0 /* main.m in Sources */ = {isa = PBXBuildFile; fileRef = 1CE9510A1CC227FB00D784F0 /* main.m */; };
		1CE9510E1CC227FB00D784F0 /* AppDelegate.m in Sources */ = {isa = PBXBuildFile; fileRef = 1CE9510D1CC227FB00D784F0 /* AppDelegate.m */; };
		1CE951111CC227FB00D784F0 /* ViewController.m in Sources */ = {isa = PBXBuildFile; fileRef = 1CE951101CC227FB00D784F0 /* ViewController.m */; };
		1CE951141CC227FB00D784F0 /* Main.storyboard in Resources */ = {isa = PBXBuildFile; fileRef = 1CE951121CC227FB00D784F0 /* Main.storyboard */; };
		1CE951161CC227FB00D784F0 /* Assets.xcassets in Resources */ = {isa = PBXBuildFile; fileRef = 1CE951151CC227FB00D784F0 /* Assets.xcassets */; };
		1CE951191CC227FB00D784F0 /* LaunchScreen.storyboard in Resources */ = {isa = PBXBuildFile; fileRef = 1CE951171CC227FB00D784F0 /* LaunchScreen.storyboard */; };
		1CE951241CC227FB00D784F0 /* DQHotSearchTests.m in Sources */ = {isa = PBXBuildFile; fileRef = 1CE951231CC227FB00D784F0 /* DQHotSearchTests.m */; };
		1CE9512F1CC227FB00D784F0 /* DQHotSearchUITests.m in Sources */ = {isa = PBXBuildFile; fileRef = 1CE9512E1CC227FB00D784F0 /* DQHotSearchUITests.m */; };
		1CE9513F1CC2291700D784F0 /* DQHotSearchViewController.m in Sources */ = {isa = PBXBuildFile; fileRef = 1CE9513E1CC2291700D784F0 /* DQHotSearchViewController.m */; };
		1CE951421CC22A9800D784F0 /* DQTextFild.m in Sources */ = {isa = PBXBuildFile; fileRef = 1CE951411CC22A9800D784F0 /* DQTextFild.m */; };
		1CE951451CC22E3500D784F0 /* HotSearchTableViewCell.m in Sources */ = {isa = PBXBuildFile; fileRef = 1CE951441CC22E3500D784F0 /* HotSearchTableViewCell.m */; };
		1CE951491CC22E6800D784F0 /* HotSearchCollectionViewCell.m in Sources */ = {isa = PBXBuildFile; fileRef = 1CE951471CC22E6800D784F0 /* HotSearchCollectionViewCell.m */; };
		1CE9514A1CC22E6800D784F0 /* HotSearchCollectionViewCell.xib in Resources */ = {isa = PBXBuildFile; fileRef = 1CE951481CC22E6800D784F0 /* HotSearchCollectionViewCell.xib */; };
		1CE9514E1CC2309A00D784F0 /* SearchHistoryRecordfooter.m in Sources */ = {isa = PBXBuildFile; fileRef = 1CE9514C1CC2309A00D784F0 /* SearchHistoryRecordfooter.m */; };
		1CE9514F1CC2309A00D784F0 /* SearchHistoryRecordfooter.xib in Resources */ = {isa = PBXBuildFile; fileRef = 1CE9514D1CC2309A00D784F0 /* SearchHistoryRecordfooter.xib */; };
		1CE951521CC232B800D784F0 /* SearchViewController.m in Sources */ = {isa = PBXBuildFile; fileRef = 1CE951511CC232B800D784F0 /* SearchViewController.m */; };
/* End PBXBuildFile section */

/* Begin PBXContainerItemProxy section */
		1CE951201CC227FB00D784F0 /* PBXContainerItemProxy */ = {
			isa = PBXContainerItemProxy;
			containerPortal = 1CE950FE1CC227FB00D784F0 /* Project object */;
			proxyType = 1;
			remoteGlobalIDString = 1CE951051CC227FB00D784F0;
			remoteInfo = DQHotSearch;
		};
		1CE9512B1CC227FB00D784F0 /* PBXContainerItemProxy */ = {
			isa = PBXContainerItemProxy;
			containerPortal = 1CE950FE1CC227FB00D784F0 /* Project object */;
			proxyType = 1;
			remoteGlobalIDString = 1CE951051CC227FB00D784F0;
			remoteInfo = DQHotSearch;
		};
/* End PBXContainerItemProxy section */

/* Begin PBXFileReference section */
		1C867B781CC47154007D9848 /* SearchRecordTableViewCell.h */ = {isa = PBXFileReference; fileEncoding = 4; lastKnownFileType = sourcecode.c.h; path = SearchRecordTableViewCell.h; sourceTree = "<group>"; };
		1C867B791CC47154007D9848 /* SearchRecordTableViewCell.m */ = {isa = PBXFileReference; fileEncoding = 4; lastKnownFileType = sourcecode.c.objc; path = SearchRecordTableViewCell.m; sourceTree = "<group>"; };
		1CE951061CC227FB00D784F0 /* DQHotSearch.app */ = {isa = PBXFileReference; explicitFileType = wrapper.application; includeInIndex = 0; path = DQHotSearch.app; sourceTree = BUILT_PRODUCTS_DIR; };
		1CE9510A1CC227FB00D784F0 /* main.m */ = {isa = PBXFileReference; lastKnownFileType = sourcecode.c.objc; path = main.m; sourceTree = "<group>"; };
		1CE9510C1CC227FB00D784F0 /* AppDelegate.h */ = {isa = PBXFileReference; lastKnownFileType = sourcecode.c.h; path = AppDelegate.h; sourceTree = "<group>"; };
		1CE9510D1CC227FB00D784F0 /* AppDelegate.m */ = {isa = PBXFileReference; lastKnownFileType = sourcecode.c.objc; path = AppDelegate.m; sourceTree = "<group>"; };
		1CE9510F1CC227FB00D784F0 /* ViewController.h */ = {isa = PBXFileReference; lastKnownFileType = sourcecode.c.h; path = ViewController.h; sourceTree = "<group>"; };
		1CE951101CC227FB00D784F0 /* ViewController.m */ = {isa = PBXFileReference; lastKnownFileType = sourcecode.c.objc; path = ViewController.m; sourceTree = "<group>"; };
		1CE951131CC227FB00D784F0 /* Base */ = {isa = PBXFileReference; lastKnownFileType = file.storyboard; name = Base; path = Base.lproj/Main.storyboard; sourceTree = "<group>"; };
		1CE951151CC227FB00D784F0 /* Assets.xcassets */ = {isa = PBXFileReference; lastKnownFileType = folder.assetcatalog; path = Assets.xcassets; sourceTree = "<group>"; };
		1CE951181CC227FB00D784F0 /* Base */ = {isa = PBXFileReference; lastKnownFileType = file.storyboard; name = Base; path = Base.lproj/LaunchScreen.storyboard; sourceTree = "<group>"; };
		1CE9511A1CC227FB00D784F0 /* Info.plist */ = {isa = PBXFileReference; lastKnownFileType = text.plist.xml; path = Info.plist; sourceTree = "<group>"; };
		1CE9511F1CC227FB00D784F0 /* DQHotSearchTests.xctest */ = {isa = PBXFileReference; explicitFileType = wrapper.cfbundle; includeInIndex = 0; path = DQHotSearchTests.xctest; sourceTree = BUILT_PRODUCTS_DIR; };
		1CE951231CC227FB00D784F0 /* DQHotSearchTests.m */ = {isa = PBXFileReference; lastKnownFileType = sourcecode.c.objc; path = DQHotSearchTests.m; sourceTree = "<group>"; };
		1CE951251CC227FB00D784F0 /* Info.plist */ = {isa = PBXFileReference; lastKnownFileType = text.plist.xml; path = Info.plist; sourceTree = "<group>"; };
		1CE9512A1CC227FB00D784F0 /* DQHotSearchUITests.xctest */ = {isa = PBXFileReference; explicitFileType = wrapper.cfbundle; includeInIndex = 0; path = DQHotSearchUITests.xctest; sourceTree = BUILT_PRODUCTS_DIR; };
		1CE9512E1CC227FB00D784F0 /* DQHotSearchUITests.m */ = {isa = PBXFileReference; lastKnownFileType = sourcecode.c.objc; path = DQHotSearchUITests.m; sourceTree = "<group>"; };
		1CE951301CC227FB00D784F0 /* Info.plist */ = {isa = PBXFileReference; lastKnownFileType = text.plist.xml; path = Info.plist; sourceTree = "<group>"; };
		1CE9513D1CC2291700D784F0 /* DQHotSearchViewController.h */ = {isa = PBXFileReference; fileEncoding = 4; lastKnownFileType = sourcecode.c.h; path = DQHotSearchViewController.h; sourceTree = "<group>"; };
		1CE9513E1CC2291700D784F0 /* DQHotSearchViewController.m */ = {isa = PBXFileReference; fileEncoding = 4; lastKnownFileType = sourcecode.c.objc; path = DQHotSearchViewController.m; sourceTree = "<group>"; };
		1CE951401CC22A9800D784F0 /* DQTextFild.h */ = {isa = PBXFileReference; fileEncoding = 4; lastKnownFileType = sourcecode.c.h; path = DQTextFild.h; sourceTree = "<group>"; };
		1CE951411CC22A9800D784F0 /* DQTextFild.m */ = {isa = PBXFileReference; fileEncoding = 4; lastKnownFileType = sourcecode.c.objc; path = DQTextFild.m; sourceTree = "<group>"; };
		1CE951431CC22E3500D784F0 /* HotSearchTableViewCell.h */ = {isa = PBXFileReference; fileEncoding = 4; lastKnownFileType = sourcecode.c.h; path = HotSearchTableViewCell.h; sourceTree = "<group>"; };
		1CE951441CC22E3500D784F0 /* HotSearchTableViewCell.m */ = {isa = PBXFileReference; fileEncoding = 4; lastKnownFileType = sourcecode.c.objc; path = HotSearchTableViewCell.m; sourceTree = "<group>"; };
		1CE951461CC22E6800D784F0 /* HotSearchCollectionViewCell.h */ = {isa = PBXFileReference; fileEncoding = 4; lastKnownFileType = sourcecode.c.h; path = HotSearchCollectionViewCell.h; sourceTree = "<group>"; };
		1CE951471CC22E6800D784F0 /* HotSearchCollectionViewCell.m */ = {isa = PBXFileReference; fileEncoding = 4; lastKnownFileType = sourcecode.c.objc; path = HotSearchCollectionViewCell.m; sourceTree = "<group>"; };
		1CE951481CC22E6800D784F0 /* HotSearchCollectionViewCell.xib */ = {isa = PBXFileReference; fileEncoding = 4; lastKnownFileType = file.xib; path = HotSearchCollectionViewCell.xib; sourceTree = "<group>"; };
		1CE9514B1CC2309A00D784F0 /* SearchHistoryRecordfooter.h */ = {isa = PBXFileReference; fileEncoding = 4; lastKnownFileType = sourcecode.c.h; path = SearchHistoryRecordfooter.h; sourceTree = "<group>"; };
		1CE9514C1CC2309A00D784F0 /* SearchHistoryRecordfooter.m */ = {isa = PBXFileReference; fileEncoding = 4; lastKnownFileType = sourcecode.c.objc; path = SearchHistoryRecordfooter.m; sourceTree = "<group>"; };
		1CE9514D1CC2309A00D784F0 /* SearchHistoryRecordfooter.xib */ = {isa = PBXFileReference; fileEncoding = 4; lastKnownFileType = file.xib; path = SearchHistoryRecordfooter.xib; sourceTree = "<group>"; };
		1CE951501CC232B800D784F0 /* SearchViewController.h */ = {isa = PBXFileReference; fileEncoding = 4; lastKnownFileType = sourcecode.c.h; path = SearchViewController.h; sourceTree = "<group>"; };
		1CE951511CC232B800D784F0 /* SearchViewController.m */ = {isa = PBXFileReference; fileEncoding = 4; lastKnownFileType = sourcecode.c.objc; path = SearchViewController.m; sourceTree = "<group>"; };
/* End PBXFileReference section */

/* Begin PBXFrameworksBuildPhase section */
		1CE951031CC227FB00D784F0 /* Frameworks */ = {
			isa = PBXFrameworksBuildPhase;
			buildActionMask = 2147483647;
			files = (
			);
			runOnlyForDeploymentPostprocessing = 0;
		};
		1CE9511C1CC227FB00D784F0 /* Frameworks */ = {
			isa = PBXFrameworksBuildPhase;
			buildActionMask = 2147483647;
			files = (
			);
			runOnlyForDeploymentPostprocessing = 0;
		};
		1CE951271CC227FB00D784F0 /* Frameworks */ = {
			isa = PBXFrameworksBuildPhase;
			buildActionMask = 2147483647;
			files = (
			);
			runOnlyForDeploymentPostprocessing = 0;
		};
/* End PBXFrameworksBuildPhase section */

/* Begin PBXGroup section */
		1CE950FD1CC227FB00D784F0 = {
			isa = PBXGroup;
			children = (
				1CE951081CC227FB00D784F0 /* DQHotSearch */,
				1CE951221CC227FB00D784F0 /* DQHotSearchTests */,
				1CE9512D1CC227FB00D784F0 /* DQHotSearchUITests */,
				1CE951071CC227FB00D784F0 /* Products */,
			);
			sourceTree = "<group>";
		};
		1CE951071CC227FB00D784F0 /* Products */ = {
			isa = PBXGroup;
			children = (
				1CE951061CC227FB00D784F0 /* DQHotSearch.app */,
				1CE9511F1CC227FB00D784F0 /* DQHotSearchTests.xctest */,
				1CE9512A1CC227FB00D784F0 /* DQHotSearchUITests.xctest */,
			);
			name = Products;
			sourceTree = "<group>";
		};
		1CE951081CC227FB00D784F0 /* DQHotSearch */ = {
			isa = PBXGroup;
			children = (
				1CE9513C1CC2285F00D784F0 /* DQHotSearch */,
				1CE9510C1CC227FB00D784F0 /* AppDelegate.h */,
				1CE9510D1CC227FB00D784F0 /* AppDelegate.m */,
				1CE9510F1CC227FB00D784F0 /* ViewController.h */,
				1CE951101CC227FB00D784F0 /* ViewController.m */,
				1CE951501CC232B800D784F0 /* SearchViewController.h */,
				1CE951511CC232B800D784F0 /* SearchViewController.m */,
				1CE951121CC227FB00D784F0 /* Main.storyboard */,
				1CE951151CC227FB00D784F0 /* Assets.xcassets */,
				1CE951171CC227FB00D784F0 /* LaunchScreen.storyboard */,
				1CE9511A1CC227FB00D784F0 /* Info.plist */,
				1CE951091CC227FB00D784F0 /* Supporting Files */,
			);
			path = DQHotSearch;
			sourceTree = "<group>";
		};
		1CE951091CC227FB00D784F0 /* Supporting Files */ = {
			isa = PBXGroup;
			children = (
				1CE9510A1CC227FB00D784F0 /* main.m */,
			);
			name = "Supporting Files";
			sourceTree = "<group>";
		};
		1CE951221CC227FB00D784F0 /* DQHotSearchTests */ = {
			isa = PBXGroup;
			children = (
				1CE951231CC227FB00D784F0 /* DQHotSearchTests.m */,
				1CE951251CC227FB00D784F0 /* Info.plist */,
			);
			path = DQHotSearchTests;
			sourceTree = "<group>";
		};
		1CE9512D1CC227FB00D784F0 /* DQHotSearchUITests */ = {
			isa = PBXGroup;
			children = (
				1CE9512E1CC227FB00D784F0 /* DQHotSearchUITests.m */,
				1CE951301CC227FB00D784F0 /* Info.plist */,
			);
			path = DQHotSearchUITests;
			sourceTree = "<group>";
		};
		1CE9513C1CC2285F00D784F0 /* DQHotSearch */ = {
			isa = PBXGroup;
			children = (
				1CE951401CC22A9800D784F0 /* DQTextFild.h */,
				1CE951411CC22A9800D784F0 /* DQTextFild.m */,
				1CE9513D1CC2291700D784F0 /* DQHotSearchViewController.h */,
				1CE9513E1CC2291700D784F0 /* DQHotSearchViewController.m */,
				1CE951431CC22E3500D784F0 /* HotSearchTableViewCell.h */,
				1CE951441CC22E3500D784F0 /* HotSearchTableViewCell.m */,
				1CE951461CC22E6800D784F0 /* HotSearchCollectionViewCell.h */,
				1CE951471CC22E6800D784F0 /* HotSearchCollectionViewCell.m */,
				1CE951481CC22E6800D784F0 /* HotSearchCollectionViewCell.xib */,
				1CE9514B1CC2309A00D784F0 /* SearchHistoryRecordfooter.h */,
				1CE9514C1CC2309A00D784F0 /* SearchHistoryRecordfooter.m */,
				1CE9514D1CC2309A00D784F0 /* SearchHistoryRecordfooter.xib */,
				1C867B781CC47154007D9848 /* SearchRecordTableViewCell.h */,
				1C867B791CC47154007D9848 /* SearchRecordTableViewCell.m */,
			);
			path = DQHotSearch;
			sourceTree = "<group>";
		};
/* End PBXGroup section */

/* Begin PBXNativeTarget section */
		1CE951051CC227FB00D784F0 /* DQHotSearch */ = {
			isa = PBXNativeTarget;
			buildConfigurationList = 1CE951331CC227FB00D784F0 /* Build configuration list for PBXNativeTarget "DQHotSearch" */;
			buildPhases = (
				1CE951021CC227FB00D784F0 /* Sources */,
				1CE951031CC227FB00D784F0 /* Frameworks */,
				1CE951041CC227FB00D784F0 /* Resources */,
			);
			buildRules = (
			);
			dependencies = (
			);
			name = DQHotSearch;
			productName = DQHotSearch;
			productReference = 1CE951061CC227FB00D784F0 /* DQHotSearch.app */;
			productType = "com.apple.product-type.application";
		};
		1CE9511E1CC227FB00D784F0 /* DQHotSearchTests */ = {
			isa = PBXNativeTarget;
			buildConfigurationList = 1CE951361CC227FB00D784F0 /* Build configuration list for PBXNativeTarget "DQHotSearchTests" */;
			buildPhases = (
				1CE9511B1CC227FB00D784F0 /* Sources */,
				1CE9511C1CC227FB00D784F0 /* Frameworks */,
				1CE9511D1CC227FB00D784F0 /* Resources */,
			);
			buildRules = (
			);
			dependencies = (
				1CE951211CC227FB00D784F0 /* PBXTargetDependency */,
			);
			name = DQHotSearchTests;
			productName = DQHotSearchTests;
			productReference = 1CE9511F1CC227FB00D784F0 /* DQHotSearchTests.xctest */;
			productType = "com.apple.product-type.bundle.unit-test";
		};
		1CE951291CC227FB00D784F0 /* DQHotSearchUITests */ = {
			isa = PBXNativeTarget;
			buildConfigurationList = 1CE951391CC227FB00D784F0 /* Build configuration list for PBXNativeTarget "DQHotSearchUITests" */;
			buildPhases = (
				1CE951261CC227FB00D784F0 /* Sources */,
				1CE951271CC227FB00D784F0 /* Frameworks */,
				1CE951281CC227FB00D784F0 /* Resources */,
			);
			buildRules = (
			);
			dependencies = (
				1CE9512C1CC227FB00D784F0 /* PBXTargetDependency */,
			);
			name = DQHotSearchUITests;
			productName = DQHotSearchUITests;
			productReference = 1CE9512A1CC227FB00D784F0 /* DQHotSearchUITests.xctest */;
			productType = "com.apple.product-type.bundle.ui-testing";
		};
/* End PBXNativeTarget section */

/* Begin PBXProject section */
		1CE950FE1CC227FB00D784F0 /* Project object */ = {
			isa = PBXProject;
			attributes = {
				LastUpgradeCheck = 0730;
				ORGANIZATIONNAME = GuanzhouDQ;
				TargetAttributes = {
					1CE951051CC227FB00D784F0 = {
						CreatedOnToolsVersion = 7.3;
					};
					1CE9511E1CC227FB00D784F0 = {
						CreatedOnToolsVersion = 7.3;
						TestTargetID = 1CE951051CC227FB00D784F0;
					};
					1CE951291CC227FB00D784F0 = {
						CreatedOnToolsVersion = 7.3;
						TestTargetID = 1CE951051CC227FB00D784F0;
					};
				};
			};
			buildConfigurationList = 1CE951011CC227FB00D784F0 /* Build configuration list for PBXProject "DQHotSearch" */;
			compatibilityVersion = "Xcode 3.2";
			developmentRegion = English;
			hasScannedForEncodings = 0;
			knownRegions = (
				en,
				Base,
			);
			mainGroup = 1CE950FD1CC227FB00D784F0;
			productRefGroup = 1CE951071CC227FB00D784F0 /* Products */;
			projectDirPath = "";
			projectRoot = "";
			targets = (
				1CE951051CC227FB00D784F0 /* DQHotSearch */,
				1CE9511E1CC227FB00D784F0 /* DQHotSearchTests */,
				1CE951291CC227FB00D784F0 /* DQHotSearchUITests */,
			);
		};
/* End PBXProject section */

/* Begin PBXResourcesBuildPhase section */
		1CE951041CC227FB00D784F0 /* Resources */ = {
			isa = PBXResourcesBuildPhase;
			buildActionMask = 2147483647;
			files = (
				1CE9514A1CC22E6800D784F0 /* HotSearchCollectionViewCell.xib in Resources */,
				1CE951191CC227FB00D784F0 /* LaunchScreen.storyboard in Resources */,
				1CE951161CC227FB00D784F0 /* Assets.xcassets in Resources */,
				1CE9514F1CC2309A00D784F0 /* SearchHistoryRecordfooter.xib in Resources */,
				1CE951141CC227FB00D784F0 /* Main.storyboard in Resources */,
			);
			runOnlyForDeploymentPostprocessing = 0;
		};
		1CE9511D1CC227FB00D784F0 /* Resources */ = {
			isa = PBXResourcesBuildPhase;
			buildActionMask = 2147483647;
			files = (
			);
			runOnlyForDeploymentPostprocessing = 0;
		};
		1CE951281CC227FB00D784F0 /* Resources */ = {
			isa = PBXResourcesBuildPhase;
			buildActionMask = 2147483647;
			files = (
			);
			runOnlyForDeploymentPostprocessing = 0;
		};
/* End PBXResourcesBuildPhase section */

/* Begin PBXSourcesBuildPhase section */
		1CE951021CC227FB00D784F0 /* Sources */ = {
			isa = PBXSourcesBuildPhase;
			buildActionMask = 2147483647;
			files = (
				1CE951421CC22A9800D784F0 /* DQTextFild.m in Sources */,
				1CE951111CC227FB00D784F0 /* ViewController.m in Sources */,
				1CE9510E1CC227FB00D784F0 /* AppDelegate.m in Sources */,
				1CE9510B1CC227FB00D784F0 /* main.m in Sources */,
				1C867B7A1CC47154007D9848 /* SearchRecordTableViewCell.m in Sources */,
				1CE951521CC232B800D784F0 /* SearchViewController.m in Sources */,
				1CE9514E1CC2309A00D784F0 /* SearchHistoryRecordfooter.m in Sources */,
				1CE9513F1CC2291700D784F0 /* DQHotSearchViewController.m in Sources */,
				1CE951491CC22E6800D784F0 /* HotSearchCollectionViewCell.m in Sources */,
				1CE951451CC22E3500D784F0 /* HotSearchTableViewCell.m in Sources */,
			);
			runOnlyForDeploymentPostprocessing = 0;
		};
		1CE9511B1CC227FB00D784F0 /* Sources */ = {
			isa = PBXSourcesBuildPhase;
			buildActionMask = 2147483647;
			files = (
				1CE951241CC227FB00D784F0 /* DQHotSearchTests.m in Sources */,
			);
			runOnlyForDeploymentPostprocessing = 0;
		};
		1CE951261CC227FB00D784F0 /* Sources */ = {
			isa = PBXSourcesBuildPhase;
			buildActionMask = 2147483647;
			files = (
				1CE9512F1CC227FB00D784F0 /* DQHotSearchUITests.m in Sources */,
			);
			runOnlyForDeploymentPostprocessing = 0;
		};
/* End PBXSourcesBuildPhase section */

/* Begin PBXTargetDependency section */
		1CE951211CC227FB00D784F0 /* PBXTargetDependency */ = {
			isa = PBXTargetDependency;
			target = 1CE951051CC227FB00D784F0 /* DQHotSearch */;
			targetProxy = 1CE951201CC227FB00D784F0 /* PBXContainerItemProxy */;
		};
		1CE9512C1CC227FB00D784F0 /* PBXTargetDependency */ = {
			isa = PBXTargetDependency;
			target = 1CE951051CC227FB00D784F0 /* DQHotSearch */;
			targetProxy = 1CE9512B1CC227FB00D784F0 /* PBXContainerItemProxy */;
		};
/* End PBXTargetDependency section */

/* Begin PBXVariantGroup section */
		1CE951121CC227FB00D784F0 /* Main.storyboard */ = {
			isa = PBXVariantGroup;
			children = (
				1CE951131CC227FB00D784F0 /* Base */,
			);
			name = Main.storyboard;
			sourceTree = "<group>";
		};
		1CE951171CC227FB00D784F0 /* LaunchScreen.storyboard */ = {
			isa = PBXVariantGroup;
			children = (
				1CE951181CC227FB00D784F0 /* Base */,
			);
			name = LaunchScreen.storyboard;
			sourceTree = "<group>";
		};
/* End PBXVariantGroup section */

/* Begin XCBuildConfiguration section */
		1CE951311CC227FB00D784F0 /* Debug */ = {
			isa = XCBuildConfiguration;
			buildSettings = {
				ALWAYS_SEARCH_USER_PATHS = NO;
				CLANG_ANALYZER_NONNULL = YES;
				CLANG_CXX_LANGUAGE_STANDARD = "gnu++0x";
				CLANG_CXX_LIBRARY = "libc++";
				CLANG_ENABLE_MODULES = YES;
				CLANG_ENABLE_OBJC_ARC = YES;
				CLANG_WARN_BOOL_CONVERSION = YES;
				CLANG_WARN_CONSTANT_CONVERSION = YES;
				CLANG_WARN_DIRECT_OBJC_ISA_USAGE = YES_ERROR;
				CLANG_WARN_EMPTY_BODY = YES;
				CLANG_WARN_ENUM_CONVERSION = YES;
				CLANG_WARN_INT_CONVERSION = YES;
				CLANG_WARN_OBJC_ROOT_CLASS = YES_ERROR;
				CLANG_WARN_UNREACHABLE_CODE = YES;
				CLANG_WARN__DUPLICATE_METHOD_MATCH = YES;
				"CODE_SIGN_IDENTITY[sdk=iphoneos*]" = "iPhone Developer";
				COPY_PHASE_STRIP = NO;
				DEBUG_INFORMATION_FORMAT = dwarf;
				ENABLE_STRICT_OBJC_MSGSEND = YES;
				ENABLE_TESTABILITY = YES;
				GCC_C_LANGUAGE_STANDARD = gnu99;
				GCC_DYNAMIC_NO_PIC = NO;
				GCC_NO_COMMON_BLOCKS = YES;
				GCC_OPTIMIZATION_LEVEL = 0;
				GCC_PREPROCESSOR_DEFINITIONS = (
					"DEBUG=1",
					"$(inherited)",
				);
				GCC_WARN_64_TO_32_BIT_CONVERSION = YES;
				GCC_WARN_ABOUT_RETURN_TYPE = YES_ERROR;
				GCC_WARN_UNDECLARED_SELECTOR = YES;
				GCC_WARN_UNINITIALIZED_AUTOS = YES_AGGRESSIVE;
				GCC_WARN_UNUSED_FUNCTION = YES;
				GCC_WARN_UNUSED_VARIABLE = YES;
				IPHONEOS_DEPLOYMENT_TARGET = 9.3;
				MTL_ENABLE_DEBUG_INFO = YES;
				ONLY_ACTIVE_ARCH = YES;
				SDKROOT = iphoneos;
				TARGETED_DEVICE_FAMILY = "1,2";
			};
			name = Debug;
		};
		1CE951321CC227FB00D784F0 /* Release */ = {
			isa = XCBuildConfiguration;
			buildSettings = {
				ALWAYS_SEARCH_USER_PATHS = NO;
				CLANG_ANALYZER_NONNULL = YES;
				CLANG_CXX_LANGUAGE_STANDARD = "gnu++0x";
				CLANG_CXX_LIBRARY = "libc++";
				CLANG_ENABLE_MODULES = YES;
				CLANG_ENABLE_OBJC_ARC = YES;
				CLANG_WARN_BOOL_CONVERSION = YES;
				CLANG_WARN_CONSTANT_CONVERSION = YES;
				CLANG_WARN_DIRECT_OBJC_ISA_USAGE = YES_ERROR;
				CLANG_WARN_EMPTY_BODY = YES;
				CLANG_WARN_ENUM_CONVERSION = YES;
				CLANG_WARN_INT_CONVERSION = YES;
				CLANG_WARN_OBJC_ROOT_CLASS = YES_ERROR;
				CLANG_WARN_UNREACHABLE_CODE = YES;
				CLANG_WARN__DUPLICATE_METHOD_MATCH = YES;
				"CODE_SIGN_IDENTITY[sdk=iphoneos*]" = "iPhone Developer";
				COPY_PHASE_STRIP = NO;
				DEBUG_INFORMATION_FORMAT = "dwarf-with-dsym";
				ENABLE_NS_ASSERTIONS = NO;
				ENABLE_STRICT_OBJC_MSGSEND = YES;
				GCC_C_LANGUAGE_STANDARD = gnu99;
				GCC_NO_COMMON_BLOCKS = YES;
				GCC_WARN_64_TO_32_BIT_CONVERSION = YES;
				GCC_WARN_ABOUT_RETURN_TYPE = YES_ERROR;
				GCC_WARN_UNDECLARED_SELECTOR = YES;
				GCC_WARN_UNINITIALIZED_AUTOS = YES_AGGRESSIVE;
				GCC_WARN_UNUSED_FUNCTION = YES;
				GCC_WARN_UNUSED_VARIABLE = YES;
				IPHONEOS_DEPLOYMENT_TARGET = 9.3;
				MTL_ENABLE_DEBUG_INFO = NO;
				SDKROOT = iphoneos;
				TARGETED_DEVICE_FAMILY = "1,2";
				VALIDATE_PRODUCT = YES;
			};
			name = Release;
		};
		1CE951341CC227FB00D784F0 /* Debug */ = {
			isa = XCBuildConfiguration;
			buildSettings = {
				ASSETCATALOG_COMPILER_APPICON_NAME = AppIcon;
				INFOPLIST_FILE = DQHotSearch/Info.plist;
				LD_RUNPATH_SEARCH_PATHS = "$(inherited) @executable_path/Frameworks";
				PRODUCT_BUNDLE_IDENTIFIER = "com.test-btn.DQHotSearch";
				PRODUCT_NAME = "$(TARGET_NAME)";
			};
			name = Debug;
		};
		1CE951351CC227FB00D784F0 /* Release */ = {
			isa = XCBuildConfiguration;
			buildSettings = {
				ASSETCATALOG_COMPILER_APPICON_NAME = AppIcon;
				INFOPLIST_FILE = DQHotSearch/Info.plist;
				LD_RUNPATH_SEARCH_PATHS = "$(inherited) @executable_path/Frameworks";
				PRODUCT_BUNDLE_IDENTIFIER = "com.test-btn.DQHotSearch";
				PRODUCT_NAME = "$(TARGET_NAME)";
			};
			name = Release;
		};
		1CE951371CC227FB00D784F0 /* Debug */ = {
			isa = XCBuildConfiguration;
			buildSettings = {
				BUNDLE_LOADER = "$(TEST_HOST)";
				INFOPLIST_FILE = DQHotSearchTests/Info.plist;
				LD_RUNPATH_SEARCH_PATHS = "$(inherited) @executable_path/Frameworks @loader_path/Frameworks";
				PRODUCT_BUNDLE_IDENTIFIER = "com.test-btn.DQHotSearchTests";
				PRODUCT_NAME = "$(TARGET_NAME)";
				TEST_HOST = "$(BUILT_PRODUCTS_DIR)/DQHotSearch.app/DQHotSearch";
			};
			name = Debug;
		};
		1CE951381CC227FB00D784F0 /* Release */ = {
			isa = XCBuildConfiguration;
			buildSettings = {
				BUNDLE_LOADER = "$(TEST_HOST)";
				INFOPLIST_FILE = DQHotSearchTests/Info.plist;
				LD_RUNPATH_SEARCH_PATHS = "$(inherited) @executable_path/Frameworks @loader_path/Frameworks";
				PRODUCT_BUNDLE_IDENTIFIER = "com.test-btn.DQHotSearchTests";
				PRODUCT_NAME = "$(TARGET_NAME)";
				TEST_HOST = "$(BUILT_PRODUCTS_DIR)/DQHotSearch.app/DQHotSearch";
			};
			name = Release;
		};
		1CE9513A1CC227FB00D784F0 /* Debug */ = {
			isa = XCBuildConfiguration;
			buildSettings = {
				INFOPLIST_FILE = DQHotSearchUITests/Info.plist;
				LD_RUNPATH_SEARCH_PATHS = "$(inherited) @executable_path/Frameworks @loader_path/Frameworks";
				PRODUCT_BUNDLE_IDENTIFIER = "com.test-btn.DQHotSearchUITests";
				PRODUCT_NAME = "$(TARGET_NAME)";
				TEST_TARGET_NAME = DQHotSearch;
			};
			name = Debug;
		};
		1CE9513B1CC227FB00D784F0 /* Release */ = {
			isa = XCBuildConfiguration;
			buildSettings = {
				INFOPLIST_FILE = DQHotSearchUITests/Info.plist;
				LD_RUNPATH_SEARCH_PATHS = "$(inherited) @executable_path/Frameworks @loader_path/Frameworks";
				PRODUCT_BUNDLE_IDENTIFIER = "com.test-btn.DQHotSearchUITests";
				PRODUCT_NAME = "$(TARGET_NAME)";
				TEST_TARGET_NAME = DQHotSearch;
			};
			name = Release;
		};
/* End XCBuildConfiguration section */

/* Begin XCConfigurationList section */
		1CE951011CC227FB00D784F0 /* Build configuration list for PBXProject "DQHotSearch" */ = {
			isa = XCConfigurationList;
			buildConfigurations = (
				1CE951311CC227FB00D784F0 /* Debug */,
				1CE951321CC227FB00D784F0 /* Release */,
			);
			defaultConfigurationIsVisible = 0;
			defaultConfigurationName = Release;
		};
		1CE951331CC227FB00D784F0 /* Build configuration list for PBXNativeTarget "DQHotSearch" */ = {
			isa = XCConfigurationList;
			buildConfigurations = (
				1CE951341CC227FB00D784F0 /* Debug */,
				1CE951351CC227FB00D784F0 /* Release */,
			);
			defaultConfigurationIsVisible = 0;
			defaultConfigurationName = Release;
		};
		1CE951361CC227FB00D784F0 /* Build configuration list for PBXNativeTarget "DQHotSearchTests" */ = {
			isa = XCConfigurationList;
			buildConfigurations = (
				1CE951371CC227FB00D784F0 /* Debug */,
				1CE951381CC227FB00D784F0 /* Release */,
			);
			defaultConfigurationIsVisible = 0;
			defaultConfigurationName = Release;
		};
		1CE951391CC227FB00D784F0 /* Build configuration list for PBXNativeTarget "DQHotSearchUITests" */ = {
			isa = XCConfigurationList;
			buildConfigurations = (
				1CE9513A1CC227FB00D784F0 /* Debug */,
				1CE9513B1CC227FB00D784F0 /* Release */,
			);
			defaultConfigurationIsVisible = 0;
			defaultConfigurationName = Release;
		};
/* End XCConfigurationList section */
	};
	rootObject = 1CE950FE1CC227FB00D784F0 /* Project object */;
}
